// !$*UTF8*$!
{
	archiveVersion = 1;
	classes = {
	};
	objectVersion = 46;
	objects = {

/* Begin PBXBuildFile section */
		140C08F01C59979B00FA2FFA /* Meme.swift in Sources */ = {isa = PBXBuildFile; fileRef = 140C08EF1C59979B00FA2FFA /* Meme.swift */; };
		140D2CEA1C61B3590029A7B3 /* MemeGenerator_120 copy.png in Resources */ = {isa = PBXBuildFile; fileRef = 140D2CE91C61B3590029A7B3 /* MemeGenerator_120 copy.png */; };
		140D2CEE1C61B4DD0029A7B3 /* LaunchImage.png in Resources */ = {isa = PBXBuildFile; fileRef = 140D2CED1C61B4DD0029A7B3 /* LaunchImage.png */; };
		147274FA1C3ECB1D000729F0 /* AppDelegate.swift in Sources */ = {isa = PBXBuildFile; fileRef = 147274F91C3ECB1D000729F0 /* AppDelegate.swift */; };
		147274FC1C3ECB1D000729F0 /* ViewController.swift in Sources */ = {isa = PBXBuildFile; fileRef = 147274FB1C3ECB1D000729F0 /* ViewController.swift */; };
		147274FF1C3ECB1D000729F0 /* Main.storyboard in Resources */ = {isa = PBXBuildFile; fileRef = 147274FD1C3ECB1D000729F0 /* Main.storyboard */; };
		147275011C3ECB1D000729F0 /* Assets.xcassets in Resources */ = {isa = PBXBuildFile; fileRef = 147275001C3ECB1D000729F0 /* Assets.xcassets */; };
		147275041C3ECB1D000729F0 /* LaunchScreen.storyboard in Resources */ = {isa = PBXBuildFile; fileRef = 147275021C3ECB1D000729F0 /* LaunchScreen.storyboard */; };
		1472750C1C3ECB8B000729F0 /* MemeEditorView.swift in Sources */ = {isa = PBXBuildFile; fileRef = 1472750B1C3ECB8B000729F0 /* MemeEditorView.swift */; };
		1472750E1C3EDD53000729F0 /* Camera-50.png in Resources */ = {isa = PBXBuildFile; fileRef = 1472750D1C3EDD53000729F0 /* Camera-50.png */; };
		1472752E1C3F4F94000729F0 /* IMG_4274.jpg in Resources */ = {isa = PBXBuildFile; fileRef = 1472752D1C3F4F94000729F0 /* IMG_4274.jpg */; };
		147275301C3F4FCE000729F0 /* IMG_4281.jpg in Resources */ = {isa = PBXBuildFile; fileRef = 1472752F1C3F4FCE000729F0 /* IMG_4281.jpg */; };
/* End PBXBuildFile section */

/* Begin PBXFileReference section */
		140C08EF1C59979B00FA2FFA /* Meme.swift */ = {isa = PBXFileReference; fileEncoding = 4; lastKnownFileType = sourcecode.swift; path = Meme.swift; sourceTree = "<group>"; };
		140D2CE91C61B3590029A7B3 /* MemeGenerator_120 copy.png */ = {isa = PBXFileReference; lastKnownFileType = image.png; path = "MemeGenerator_120 copy.png"; sourceTree = "<group>"; };
		140D2CED1C61B4DD0029A7B3 /* LaunchImage.png */ = {isa = PBXFileReference; lastKnownFileType = image.png; path = LaunchImage.png; sourceTree = "<group>"; };
		147274F61C3ECB1D000729F0 /* memekss.app */ = {isa = PBXFileReference; explicitFileType = wrapper.application; includeInIndex = 0; path = memekss.app; sourceTree = BUILT_PRODUCTS_DIR; };
		147274F91C3ECB1D000729F0 /* AppDelegate.swift */ = {isa = PBXFileReference; lastKnownFileType = sourcecode.swift; path = AppDelegate.swift; sourceTree = "<group>"; };
		147274FB1C3ECB1D000729F0 /* ViewController.swift */ = {isa = PBXFileReference; lastKnownFileType = sourcecode.swift; path = ViewController.swift; sourceTree = "<group>"; };
		147274FE1C3ECB1D000729F0 /* Base */ = {isa = PBXFileReference; lastKnownFileType = file.storyboard; name = Base; path = Base.lproj/Main.storyboard; sourceTree = "<group>"; };
		147275001C3ECB1D000729F0 /* Assets.xcassets */ = {isa = PBXFileReference; lastKnownFileType = folder.assetcatalog; path = Assets.xcassets; sourceTree = "<group>"; };
		147275031C3ECB1D000729F0 /* Base */ = {isa = PBXFileReference; lastKnownFileType = file.storyboard; name = Base; path = Base.lproj/LaunchScreen.storyboard; sourceTree = "<group>"; };
		147275051C3ECB1D000729F0 /* Info.plist */ = {isa = PBXFileReference; lastKnownFileType = text.plist.xml; path = Info.plist; sourceTree = "<group>"; };
		1472750B1C3ECB8B000729F0 /* MemeEditorView.swift */ = {isa = PBXFileReference; fileEncoding = 4; lastKnownFileType = sourcecode.swift; path = MemeEditorView.swift; sourceTree = "<group>"; };
		1472750D1C3EDD53000729F0 /* Camera-50.png */ = {isa = PBXFileReference; lastKnownFileType = image.png; path = "Camera-50.png"; sourceTree = "<group>"; };
		1472752D1C3F4F94000729F0 /* IMG_4274.jpg */ = {isa = PBXFileReference; lastKnownFileType = image.jpeg; path = IMG_4274.jpg; sourceTree = "<group>"; };
		1472752F1C3F4FCE000729F0 /* IMG_4281.jpg */ = {isa = PBXFileReference; lastKnownFileType = image.jpeg; path = IMG_4281.jpg; sourceTree = "<group>"; };
/* End PBXFileReference section */

/* Begin PBXFrameworksBuildPhase section */
		147274F31C3ECB1D000729F0 /* Frameworks */ = {
			isa = PBXFrameworksBuildPhase;
			buildActionMask = 2147483647;
			files = (
			);
			runOnlyForDeploymentPostprocessing = 0;
		};
/* End PBXFrameworksBuildPhase section */

/* Begin PBXGroup section */
		147274ED1C3ECB1D000729F0 = {
			isa = PBXGroup;
			children = (
				147274F81C3ECB1D000729F0 /* meme 1 */,
				147274F71C3ECB1D000729F0 /* Products */,
			);
			sourceTree = "<group>";
		};
		147274F71C3ECB1D000729F0 /* Products */ = {
			isa = PBXGroup;
			children = (
				147274F61C3ECB1D000729F0 /* memekss.app */,
			);
			name = Products;
			sourceTree = "<group>";
		};
		147274F81C3ECB1D000729F0 /* meme 1 */ = {
			isa = PBXGroup;
			children = (
				140D2CE91C61B3590029A7B3 /* MemeGenerator_120 copy.png */,
				1472752D1C3F4F94000729F0 /* IMG_4274.jpg */,
				1472752F1C3F4FCE000729F0 /* IMG_4281.jpg */,
				147274F91C3ECB1D000729F0 /* AppDelegate.swift */,
				147274FB1C3ECB1D000729F0 /* ViewController.swift */,
				140C08EF1C59979B00FA2FFA /* Meme.swift */,
				147274FD1C3ECB1D000729F0 /* Main.storyboard */,
				147275001C3ECB1D000729F0 /* Assets.xcassets */,
				140D2CED1C61B4DD0029A7B3 /* LaunchImage.png */,
				1472750D1C3EDD53000729F0 /* Camera-50.png */,
				147275021C3ECB1D000729F0 /* LaunchScreen.storyboard */,
				147275051C3ECB1D000729F0 /* Info.plist */,
				1472750B1C3ECB8B000729F0 /* MemeEditorView.swift */,
			);
			path = "meme 1";
			sourceTree = "<group>";
		};
/* End PBXGroup section */

/* Begin PBXNativeTarget section */
		147274F51C3ECB1D000729F0 /* memekss */ = {
			isa = PBXNativeTarget;
			buildConfigurationList = 147275081C3ECB1D000729F0 /* Build configuration list for PBXNativeTarget "memekss" */;
			buildPhases = (
				147274F21C3ECB1D000729F0 /* Sources */,
				147274F31C3ECB1D000729F0 /* Frameworks */,
				147274F41C3ECB1D000729F0 /* Resources */,
			);
			buildRules = (
			);
			dependencies = (
			);
			name = memekss;
			productName = "meme 1";
			productReference = 147274F61C3ECB1D000729F0 /* memekss.app */;
			productType = "com.apple.product-type.application";
		};
/* End PBXNativeTarget section */

/* Begin PBXProject section */
		147274EE1C3ECB1D000729F0 /* Project object */ = {
			isa = PBXProject;
			attributes = {
				LastSwiftUpdateCheck = 0720;
				LastUpgradeCheck = 0720;
				ORGANIZATIONNAME = "Kathleen Stukenborg";
				TargetAttributes = {
					147274F51C3ECB1D000729F0 = {
						CreatedOnToolsVersion = 7.2;
						DevelopmentTeam = 2E3NGPX8J3;
					};
				};
			};
			buildConfigurationList = 147274F11C3ECB1D000729F0 /* Build configuration list for PBXProject "memekss" */;
			compatibilityVersion = "Xcode 3.2";
			developmentRegion = English;
			hasScannedForEncodings = 0;
			knownRegions = (
				en,
				Base,
			);
			mainGroup = 147274ED1C3ECB1D000729F0;
			productRefGroup = 147274F71C3ECB1D000729F0 /* Products */;
			projectDirPath = "";
			projectRoot = "";
			targets = (
				147274F51C3ECB1D000729F0 /* memekss */,
			);
		};
/* End PBXProject section */

/* Begin PBXResourcesBuildPhase section */
		147274F41C3ECB1D000729F0 /* Resources */ = {
			isa = PBXResourcesBuildPhase;
			buildActionMask = 2147483647;
			files = (
				140D2CEE1C61B4DD0029A7B3 /* LaunchImage.png in Resources */,
				140D2CEA1C61B3590029A7B3 /* MemeGenerator_120 copy.png in Resources */,
				147275301C3F4FCE000729F0 /* IMG_4281.jpg in Resources */,
				1472752E1C3F4F94000729F0 /* IMG_4274.jpg in Resources */,
				147275041C3ECB1D000729F0 /* LaunchScreen.storyboard in Resources */,
				147275011C3ECB1D000729F0 /* Assets.xcassets in Resources */,
				147274FF1C3ECB1D000729F0 /* Main.storyboard in Resources */,
				1472750E1C3EDD53000729F0 /* Camera-50.png in Resources */,
			);
			runOnlyForDeploymentPostprocessing = 0;
		};
/* End PBXResourcesBuildPhase section */

/* Begin PBXSourcesBuildPhase section */
		147274F21C3ECB1D000729F0 /* Sources */ = {
			isa = PBXSourcesBuildPhase;
			buildActionMask = 2147483647;
			files = (
				147274FC1C3ECB1D000729F0 /* ViewController.swift in Sources */,
				140C08F01C59979B00FA2FFA /* Meme.swift in Sources */,
				147274FA1C3ECB1D000729F0 /* AppDelegate.swift in Sources */,
				1472750C1C3ECB8B000729F0 /* MemeEditorView.swift in Sources */,
			);
			runOnlyForDeploymentPostprocessing = 0;
		};
/* End PBXSourcesBuildPhase section */

/* Begin PBXVariantGroup section */
		147274FD1C3ECB1D000729F0 /* Main.storyboard */ = {
			isa = PBXVariantGroup;
			children = (
				147274FE1C3ECB1D000729F0 /* Base */,
			);
			name = Main.storyboard;
			sourceTree = "<group>";
		};
		147275021C3ECB1D000729F0 /* LaunchScreen.storyboard */ = {
			isa = PBXVariantGroup;
			children = (
				147275031C3ECB1D000729F0 /* Base */,
			);
			name = LaunchScreen.storyboard;
			sourceTree = "<group>";
		};
/* End PBXVariantGroup section */

/* Begin XCBuildConfiguration section */
		147275061C3ECB1D000729F0 /* Debug */ = {
			isa = XCBuildConfiguration;
			buildSettings = {
				ALWAYS_SEARCH_USER_PATHS = NO;
				CLANG_CXX_LANGUAGE_STANDARD = "gnu++0x";
				CLANG_CXX_LIBRARY = "libc++";
				CLANG_ENABLE_MODULES = YES;
				CLANG_ENABLE_OBJC_ARC = YES;
				CLANG_WARN_BOOL_CONVERSION = YES;
				CLANG_WARN_CONSTANT_CONVERSION = YES;
				CLANG_WARN_DIRECT_OBJC_ISA_USAGE = YES_ERROR;
				CLANG_WARN_EMPTY_BODY = YES;
				CLANG_WARN_ENUM_CONVERSION = YES;
				CLANG_WARN_INT_CONVERSION = YES;
				CLANG_WARN_OBJC_ROOT_CLASS = YES_ERROR;
				CLANG_WARN_UNREACHABLE_CODE = YES;
				CLANG_WARN__DUPLICATE_METHOD_MATCH = YES;
				"CODE_SIGN_IDENTITY[sdk=iphoneos*]" = "iPhone Developer";
				COPY_PHASE_STRIP = NO;
				DEBUG_INFORMATION_FORMAT = dwarf;
				ENABLE_STRICT_OBJC_MSGSEND = YES;
				ENABLE_TESTABILITY = YES;
				GCC_C_LANGUAGE_STANDARD = gnu99;
				GCC_DYNAMIC_NO_PIC = NO;
				GCC_NO_COMMON_BLOCKS = YES;
				GCC_OPTIMIZATION_LEVEL = 0;
				GCC_PREPROCESSOR_DEFINITIONS = (
					"DEBUG=1",
					"$(inherited)",
				);
				GCC_WARN_64_TO_32_BIT_CONVERSION = YES;
				GCC_WARN_ABOUT_RETURN_TYPE = YES_ERROR;
				GCC_WARN_UNDECLARED_SELECTOR = YES;
				GCC_WARN_UNINITIALIZED_AUTOS = YES_AGGRESSIVE;
				GCC_WARN_UNUSED_FUNCTION = YES;
				GCC_WARN_UNUSED_VARIABLE = YES;
				IPHONEOS_DEPLOYMENT_TARGET = 9.2;
				MTL_ENABLE_DEBUG_INFO = YES;
				ONLY_ACTIVE_ARCH = YES;
				SDKROOT = iphoneos;
				SWIFT_OPTIMIZATION_LEVEL = "-Onone";
			};
			name = Debug;
		};
		147275071C3ECB1D000729F0 /* Release */ = {
			isa = XCBuildConfiguration;
			buildSettings = {
				ALWAYS_SEARCH_USER_PATHS = NO;
				CLANG_CXX_LANGUAGE_STANDARD = "gnu++0x";
				CLANG_CXX_LIBRARY = "libc++";
				CLANG_ENABLE_MODULES = YES;
				CLANG_ENABLE_OBJC_ARC = YES;
				CLANG_WARN_BOOL_CONVERSION = YES;
				CLANG_WARN_CONSTANT_CONVERSION = YES;
				CLANG_WARN_DIRECT_OBJC_ISA_USAGE = YES_ERROR;
				CLANG_WARN_EMPTY_BODY = YES;
				CLANG_WARN_ENUM_CONVERSION = YES;
				CLANG_WARN_INT_CONVERSION = YES;
				CLANG_WARN_OBJC_ROOT_CLASS = YES_ERROR;
				CLANG_WARN_UNREACHABLE_CODE = YES;
				CLANG_WARN__DUPLICATE_METHOD_MATCH = YES;
				"CODE_SIGN_IDENTITY[sdk=iphoneos*]" = "iPhone Developer";
				COPY_PHASE_STRIP = NO;
				DEBUG_INFORMATION_FORMAT = "dwarf-with-dsym";
				ENABLE_NS_ASSERTIONS = NO;
				ENABLE_STRICT_OBJC_MSGSEND = YES;
				GCC_C_LANGUAGE_STANDARD = gnu99;
				GCC_NO_COMMON_BLOCKS = YES;
				GCC_WARN_64_TO_32_BIT_CONVERSION = YES;
				GCC_WARN_ABOUT_RETURN_TYPE = YES_ERROR;
				GCC_WARN_UNDECLARED_SELECTOR = YES;
				GCC_WARN_UNINITIALIZED_AUTOS = YES_AGGRESSIVE;
				GCC_WARN_UNUSED_FUNCTION = YES;
				GCC_WARN_UNUSED_VARIABLE = YES;
				IPHONEOS_DEPLOYMENT_TARGET = 9.2;
				MTL_ENABLE_DEBUG_INFO = NO;
				SDKROOT = iphoneos;
				VALIDATE_PRODUCT = YES;
			};
			name = Release;
		};
		147275091C3ECB1D000729F0 /* Debug */ = {
			isa = XCBuildConfiguration;
			buildSettings = {
				ASSETCATALOG_COMPILER_APPICON_NAME = AppIcon;
				INFOPLIST_FILE = "meme 1/Info.plist";
				LD_RUNPATH_SEARCH_PATHS = "$(inherited) @executable_path/Frameworks";
				PRODUCT_BUNDLE_IDENTIFIER = com.stukenborg.memekss;
				PRODUCT_NAME = memekss;
			};
			name = Debug;
		};
		1472750A1C3ECB1D000729F0 /* Release */ = {
			isa = XCBuildConfiguration;
			buildSettings = {
				ASSETCATALOG_COMPILER_APPICON_NAME = AppIcon;
				INFOPLIST_FILE = "meme 1/Info.plist";
				LD_RUNPATH_SEARCH_PATHS = "$(inherited) @executable_path/Frameworks";
				PRODUCT_BUNDLE_IDENTIFIER = com.stukenborg.memekss;
				PRODUCT_NAME = memekss;
			};
			name = Release;
		};
/* End XCBuildConfiguration section */

/* Begin XCConfigurationList section */
		147274F11C3ECB1D000729F0 /* Build configuration list for PBXProject "memekss" */ = {
			isa = XCConfigurationList;
			buildConfigurations = (
				147275061C3ECB1D000729F0 /* Debug */,
				147275071C3ECB1D000729F0 /* Release */,
			);
			defaultConfigurationIsVisible = 0;
			defaultConfigurationName = Release;
		};
		147275081C3ECB1D000729F0 /* Build configuration list for PBXNativeTarget "memekss" */ = {
			isa = XCConfigurationList;
			buildConfigurations = (
				147275091C3ECB1D000729F0 /* Debug */,
				1472750A1C3ECB1D000729F0 /* Release */,
			);
			defaultConfigurationIsVisible = 0;
			defaultConfigurationName = Release;
		};
/* End XCConfigurationList section */
	};
	rootObject = 147274EE1C3ECB1D000729F0 /* Project object */;
}
